// !$*UTF8*$!
{
	archiveVersion = 1;
	classes = {
	};
	objectVersion = 50;
	objects = {

/* Begin PBXBuildFile section */
		7162452525FF3296001B2423 /* MyMapApp.swift in Sources */ = {isa = PBXBuildFile; fileRef = 7162452425FF3296001B2423 /* MyMapApp.swift */; };
		7162452725FF3296001B2423 /* ContentView.swift in Sources */ = {isa = PBXBuildFile; fileRef = 7162452625FF3296001B2423 /* ContentView.swift */; };
		7162452925FF3297001B2423 /* Assets.xcassets in Resources */ = {isa = PBXBuildFile; fileRef = 7162452825FF3297001B2423 /* Assets.xcassets */; };
		7162452C25FF3297001B2423 /* Preview Assets.xcassets in Resources */ = {isa = PBXBuildFile; fileRef = 7162452B25FF3297001B2423 /* Preview Assets.xcassets */; };
		7162453725FF3298001B2423 /* MyMapTests.swift in Sources */ = {isa = PBXBuildFile; fileRef = 7162453625FF3298001B2423 /* MyMapTests.swift */; };
		7162454225FF3298001B2423 /* MyMapUITests.swift in Sources */ = {isa = PBXBuildFile; fileRef = 7162454125FF3298001B2423 /* MyMapUITests.swift */; };
		7162455325FF32C2001B2423 /* MapView.swift in Sources */ = {isa = PBXBuildFile; fileRef = 7162455225FF32C2001B2423 /* MapView.swift */; };
/* End PBXBuildFile section */

/* Begin PBXContainerItemProxy section */
		7162453325FF3298001B2423 /* PBXContainerItemProxy */ = {
			isa = PBXContainerItemProxy;
			containerPortal = 7162451925FF3296001B2423 /* Project object */;
			proxyType = 1;
			remoteGlobalIDString = 7162452025FF3296001B2423;
			remoteInfo = MyMap;
		};
		7162453E25FF3298001B2423 /* PBXContainerItemProxy */ = {
			isa = PBXContainerItemProxy;
			containerPortal = 7162451925FF3296001B2423 /* Project object */;
			proxyType = 1;
			remoteGlobalIDString = 7162452025FF3296001B2423;
			remoteInfo = MyMap;
		};
/* End PBXContainerItemProxy section */

/* Begin PBXFileReference section */
		7162452125FF3296001B2423 /* MyMap.app */ = {isa = PBXFileReference; explicitFileType = wrapper.application; includeInIndex = 0; path = MyMap.app; sourceTree = BUILT_PRODUCTS_DIR; };
		7162452425FF3296001B2423 /* MyMapApp.swift */ = {isa = PBXFileReference; lastKnownFileType = sourcecode.swift; path = MyMapApp.swift; sourceTree = "<group>"; };
		7162452625FF3296001B2423 /* ContentView.swift */ = {isa = PBXFileReference; lastKnownFileType = sourcecode.swift; path = ContentView.swift; sourceTree = "<group>"; usesTabs = 0; };
		7162452825FF3297001B2423 /* Assets.xcassets */ = {isa = PBXFileReference; lastKnownFileType = folder.assetcatalog; path = Assets.xcassets; sourceTree = "<group>"; };
		7162452B25FF3297001B2423 /* Preview Assets.xcassets */ = {isa = PBXFileReference; lastKnownFileType = folder.assetcatalog; path = "Preview Assets.xcassets"; sourceTree = "<group>"; };
		7162452D25FF3297001B2423 /* Info.plist */ = {isa = PBXFileReference; lastKnownFileType = text.plist.xml; path = Info.plist; sourceTree = "<group>"; };
		7162453225FF3298001B2423 /* MyMapTests.xctest */ = {isa = PBXFileReference; explicitFileType = wrapper.cfbundle; includeInIndex = 0; path = MyMapTests.xctest; sourceTree = BUILT_PRODUCTS_DIR; };
		7162453625FF3298001B2423 /* MyMapTests.swift */ = {isa = PBXFileReference; lastKnownFileType = sourcecode.swift; path = MyMapTests.swift; sourceTree = "<group>"; };
		7162453825FF3298001B2423 /* Info.plist */ = {isa = PBXFileReference; lastKnownFileType = text.plist.xml; path = Info.plist; sourceTree = "<group>"; };
		7162453D25FF3298001B2423 /* MyMapUITests.xctest */ = {isa = PBXFileReference; explicitFileType = wrapper.cfbundle; includeInIndex = 0; path = MyMapUITests.xctest; sourceTree = BUILT_PRODUCTS_DIR; };
		7162454125FF3298001B2423 /* MyMapUITests.swift */ = {isa = PBXFileReference; lastKnownFileType = sourcecode.swift; path = MyMapUITests.swift; sourceTree = "<group>"; };
		7162454325FF3298001B2423 /* Info.plist */ = {isa = PBXFileReference; lastKnownFileType = text.plist.xml; path = Info.plist; sourceTree = "<group>"; };
		7162455225FF32C2001B2423 /* MapView.swift */ = {isa = PBXFileReference; lastKnownFileType = sourcecode.swift; path = MapView.swift; sourceTree = "<group>"; };
/* End PBXFileReference section */

/* Begin PBXFrameworksBuildPhase section */
		7162451E25FF3296001B2423 /* Frameworks */ = {
			isa = PBXFrameworksBuildPhase;
			buildActionMask = 2147483647;
			files = (
			);
			runOnlyForDeploymentPostprocessing = 0;
		};
		7162452F25FF3298001B2423 /* Frameworks */ = {
			isa = PBXFrameworksBuildPhase;
			buildActionMask = 2147483647;
			files = (
			);
			runOnlyForDeploymentPostprocessing = 0;
		};
		7162453A25FF3298001B2423 /* Frameworks */ = {
			isa = PBXFrameworksBuildPhase;
			buildActionMask = 2147483647;
			files = (
			);
			runOnlyForDeploymentPostprocessing = 0;
		};
/* End PBXFrameworksBuildPhase section */

/* Begin PBXGroup section */
		7162451825FF3296001B2423 = {
			isa = PBXGroup;
			children = (
				7162452325FF3296001B2423 /* MyMap */,
				7162453525FF3298001B2423 /* MyMapTests */,
				7162454025FF3298001B2423 /* MyMapUITests */,
				7162452225FF3296001B2423 /* Products */,
			);
			sourceTree = "<group>";
		};
		7162452225FF3296001B2423 /* Products */ = {
			isa = PBXGroup;
			children = (
				7162452125FF3296001B2423 /* MyMap.app */,
				7162453225FF3298001B2423 /* MyMapTests.xctest */,
				7162453D25FF3298001B2423 /* MyMapUITests.xctest */,
			);
			name = Products;
			sourceTree = "<group>";
		};
		7162452325FF3296001B2423 /* MyMap */ = {
			isa = PBXGroup;
			children = (
				7162452425FF3296001B2423 /* MyMapApp.swift */,
				7162452625FF3296001B2423 /* ContentView.swift */,
				7162455225FF32C2001B2423 /* MapView.swift */,
				7162452825FF3297001B2423 /* Assets.xcassets */,
				7162452D25FF3297001B2423 /* Info.plist */,
				7162452A25FF3297001B2423 /* Preview Content */,
			);
			path = MyMap;
			sourceTree = "<group>";
		};
		7162452A25FF3297001B2423 /* Preview Content */ = {
			isa = PBXGroup;
			children = (
				7162452B25FF3297001B2423 /* Preview Assets.xcassets */,
			);
			path = "Preview Content";
			sourceTree = "<group>";
		};
		7162453525FF3298001B2423 /* MyMapTests */ = {
			isa = PBXGroup;
			children = (
				7162453625FF3298001B2423 /* MyMapTests.swift */,
				7162453825FF3298001B2423 /* Info.plist */,
			);
			path = MyMapTests;
			sourceTree = "<group>";
		};
		7162454025FF3298001B2423 /* MyMapUITests */ = {
			isa = PBXGroup;
			children = (
				7162454125FF3298001B2423 /* MyMapUITests.swift */,
				7162454325FF3298001B2423 /* Info.plist */,
			);
			path = MyMapUITests;
			sourceTree = "<group>";
		};
/* End PBXGroup section */

/* Begin PBXNativeTarget section */
		7162452025FF3296001B2423 /* MyMap */ = {
			isa = PBXNativeTarget;
			buildConfigurationList = 7162454625FF3298001B2423 /* Build configuration list for PBXNativeTarget "MyMap" */;
			buildPhases = (
				7162451D25FF3296001B2423 /* Sources */,
				7162451E25FF3296001B2423 /* Frameworks */,
				7162451F25FF3296001B2423 /* Resources */,
			);
			buildRules = (
			);
			dependencies = (
			);
			name = MyMap;
			productName = MyMap;
			productReference = 7162452125FF3296001B2423 /* MyMap.app */;
			productType = "com.apple.product-type.application";
		};
		7162453125FF3298001B2423 /* MyMapTests */ = {
			isa = PBXNativeTarget;
			buildConfigurationList = 7162454925FF3298001B2423 /* Build configuration list for PBXNativeTarget "MyMapTests" */;
			buildPhases = (
				7162452E25FF3298001B2423 /* Sources */,
				7162452F25FF3298001B2423 /* Frameworks */,
				7162453025FF3298001B2423 /* Resources */,
			);
			buildRules = (
			);
			dependencies = (
				7162453425FF3298001B2423 /* PBXTargetDependency */,
			);
			name = MyMapTests;
			productName = MyMapTests;
			productReference = 7162453225FF3298001B2423 /* MyMapTests.xctest */;
			productType = "com.apple.product-type.bundle.unit-test";
		};
		7162453C25FF3298001B2423 /* MyMapUITests */ = {
			isa = PBXNativeTarget;
			buildConfigurationList = 7162454C25FF3298001B2423 /* Build configuration list for PBXNativeTarget "MyMapUITests" */;
			buildPhases = (
				7162453925FF3298001B2423 /* Sources */,
				7162453A25FF3298001B2423 /* Frameworks */,
				7162453B25FF3298001B2423 /* Resources */,
			);
			buildRules = (
			);
			dependencies = (
				7162453F25FF3298001B2423 /* PBXTargetDependency */,
			);
			name = MyMapUITests;
			productName = MyMapUITests;
			productReference = 7162453D25FF3298001B2423 /* MyMapUITests.xctest */;
			productType = "com.apple.product-type.bundle.ui-testing";
		};
/* End PBXNativeTarget section */

/* Begin PBXProject section */
		7162451925FF3296001B2423 /* Project object */ = {
			isa = PBXProject;
			attributes = {
				LastSwiftUpdateCheck = 1240;
				LastUpgradeCheck = 1240;
				TargetAttributes = {
					7162452025FF3296001B2423 = {
						CreatedOnToolsVersion = 12.4;
					};
					7162453125FF3298001B2423 = {
						CreatedOnToolsVersion = 12.4;
						TestTargetID = 7162452025FF3296001B2423;
					};
					7162453C25FF3298001B2423 = {
						CreatedOnToolsVersion = 12.4;
						TestTargetID = 7162452025FF3296001B2423;
					};
				};
			};
			buildConfigurationList = 7162451C25FF3296001B2423 /* Build configuration list for PBXProject "MyMap" */;
			compatibilityVersion = "Xcode 9.3";
			developmentRegion = en;
			hasScannedForEncodings = 0;
			knownRegions = (
				en,
				Base,
				ja,
			);
			mainGroup = 7162451825FF3296001B2423;
			productRefGroup = 7162452225FF3296001B2423 /* Products */;
			projectDirPath = "";
			projectRoot = "";
			targets = (
				7162452025FF3296001B2423 /* MyMap */,
				7162453125FF3298001B2423 /* MyMapTests */,
				7162453C25FF3298001B2423 /* MyMapUITests */,
			);
		};
/* End PBXProject section */

/* Begin PBXResourcesBuildPhase section */
		7162451F25FF3296001B2423 /* Resources */ = {
			isa = PBXResourcesBuildPhase;
			buildActionMask = 2147483647;
			files = (
				7162452C25FF3297001B2423 /* Preview Assets.xcassets in Resources */,
				7162452925FF3297001B2423 /* Assets.xcassets in Resources */,
			);
			runOnlyForDeploymentPostprocessing = 0;
		};
		7162453025FF3298001B2423 /* Resources */ = {
			isa = PBXResourcesBuildPhase;
			buildActionMask = 2147483647;
			files = (
			);
			runOnlyForDeploymentPostprocessing = 0;
		};
		7162453B25FF3298001B2423 /* Resources */ = {
			isa = PBXResourcesBuildPhase;
			buildActionMask = 2147483647;
			files = (
			);
			runOnlyForDeploymentPostprocessing = 0;
		};
/* End PBXResourcesBuildPhase section */

/* Begin PBXSourcesBuildPhase section */
		7162451D25FF3296001B2423 /* Sources */ = {
			isa = PBXSourcesBuildPhase;
			buildActionMask = 2147483647;
			files = (
				7162452725FF3296001B2423 /* ContentView.swift in Sources */,
				7162455325FF32C2001B2423 /* MapView.swift in Sources */,
				7162452525FF3296001B2423 /* MyMapApp.swift in Sources */,
			);
			runOnlyForDeploymentPostprocessing = 0;
		};
		7162452E25FF3298001B2423 /* Sources */ = {
			isa = PBXSourcesBuildPhase;
			buildActionMask = 2147483647;
			files = (
				7162453725FF3298001B2423 /* MyMapTests.swift in Sources */,
			);
			runOnlyForDeploymentPostprocessing = 0;
		};
		7162453925FF3298001B2423 /* Sources */ = {
			isa = PBXSourcesBuildPhase;
			buildActionMask = 2147483647;
			files = (
				7162454225FF3298001B2423 /* MyMapUITests.swift in Sources */,
			);
			runOnlyForDeploymentPostprocessing = 0;
		};
/* End PBXSourcesBuildPhase section */

/* Begin PBXTargetDependency section */
		7162453425FF3298001B2423 /* PBXTargetDependency */ = {
			isa = PBXTargetDependency;
			target = 7162452025FF3296001B2423 /* MyMap */;
			targetProxy = 7162453325FF3298001B2423 /* PBXContainerItemProxy */;
		};
		7162453F25FF3298001B2423 /* PBXTargetDependency */ = {
			isa = PBXTargetDependency;
			target = 7162452025FF3296001B2423 /* MyMap */;
			targetProxy = 7162453E25FF3298001B2423 /* PBXContainerItemProxy */;
		};
/* End PBXTargetDependency section */

/* Begin XCBuildConfiguration section */
		7162454425FF3298001B2423 /* Debug */ = {
			isa = XCBuildConfiguration;
			buildSettings = {
				ALWAYS_SEARCH_USER_PATHS = NO;
				CLANG_ANALYZER_NONNULL = YES;
				CLANG_ANALYZER_NUMBER_OBJECT_CONVERSION = YES_AGGRESSIVE;
				CLANG_CXX_LANGUAGE_STANDARD = "gnu++14";
				CLANG_CXX_LIBRARY = "libc++";
				CLANG_ENABLE_MODULES = YES;
				CLANG_ENABLE_OBJC_ARC = YES;
				CLANG_ENABLE_OBJC_WEAK = YES;
				CLANG_WARN_BLOCK_CAPTURE_AUTORELEASING = YES;
				CLANG_WARN_BOOL_CONVERSION = YES;
				CLANG_WARN_COMMA = YES;
				CLANG_WARN_CONSTANT_CONVERSION = YES;
				CLANG_WARN_DEPRECATED_OBJC_IMPLEMENTATIONS = YES;
				CLANG_WARN_DIRECT_OBJC_ISA_USAGE = YES_ERROR;
				CLANG_WARN_DOCUMENTATION_COMMENTS = YES;
				CLANG_WARN_EMPTY_BODY = YES;
				CLANG_WARN_ENUM_CONVERSION = YES;
				CLANG_WARN_INFINITE_RECURSION = YES;
				CLANG_WARN_INT_CONVERSION = YES;
				CLANG_WARN_NON_LITERAL_NULL_CONVERSION = YES;
				CLANG_WARN_OBJC_IMPLICIT_RETAIN_SELF = YES;
				CLANG_WARN_OBJC_LITERAL_CONVERSION = YES;
				CLANG_WARN_OBJC_ROOT_CLASS = YES_ERROR;
				CLANG_WARN_QUOTED_INCLUDE_IN_FRAMEWORK_HEADER = YES;
				CLANG_WARN_RANGE_LOOP_ANALYSIS = YES;
				CLANG_WARN_STRICT_PROTOTYPES = YES;
				CLANG_WARN_SUSPICIOUS_MOVE = YES;
				CLANG_WARN_UNGUARDED_AVAILABILITY = YES_AGGRESSIVE;
				CLANG_WARN_UNREACHABLE_CODE = YES;
				CLANG_WARN__DUPLICATE_METHOD_MATCH = YES;
				COPY_PHASE_STRIP = NO;
				DEBUG_INFORMATION_FORMAT = dwarf;
				ENABLE_STRICT_OBJC_MSGSEND = YES;
				ENABLE_TESTABILITY = YES;
				GCC_C_LANGUAGE_STANDARD = gnu11;
				GCC_DYNAMIC_NO_PIC = NO;
				GCC_NO_COMMON_BLOCKS = YES;
				GCC_OPTIMIZATION_LEVEL = 0;
				GCC_PREPROCESSOR_DEFINITIONS = (
					"DEBUG=1",
					"$(inherited)",
				);
				GCC_WARN_64_TO_32_BIT_CONVERSION = YES;
				GCC_WARN_ABOUT_RETURN_TYPE = YES_ERROR;
				GCC_WARN_UNDECLARED_SELECTOR = YES;
				GCC_WARN_UNINITIALIZED_AUTOS = YES_AGGRESSIVE;
				GCC_WARN_UNUSED_FUNCTION = YES;
				GCC_WARN_UNUSED_VARIABLE = YES;
				IPHONEOS_DEPLOYMENT_TARGET = 14.4;
				MTL_ENABLE_DEBUG_INFO = INCLUDE_SOURCE;
				MTL_FAST_MATH = YES;
				ONLY_ACTIVE_ARCH = YES;
				SDKROOT = iphoneos;
				SWIFT_ACTIVE_COMPILATION_CONDITIONS = DEBUG;
				SWIFT_OPTIMIZATION_LEVEL = "-Onone";
			};
			name = Debug;
		};
		7162454525FF3298001B2423 /* Release */ = {
			isa = XCBuildConfiguration;
			buildSettings = {
				ALWAYS_SEARCH_USER_PATHS = NO;
				CLANG_ANALYZER_NONNULL = YES;
				CLANG_ANALYZER_NUMBER_OBJECT_CONVERSION = YES_AGGRESSIVE;
				CLANG_CXX_LANGUAGE_STANDARD = "gnu++14";
				CLANG_CXX_LIBRARY = "libc++";
				CLANG_ENABLE_MODULES = YES;
				CLANG_ENABLE_OBJC_ARC = YES;
				CLANG_ENABLE_OBJC_WEAK = YES;
				CLANG_WARN_BLOCK_CAPTURE_AUTORELEASING = YES;
				CLANG_WARN_BOOL_CONVERSION = YES;
				CLANG_WARN_COMMA = YES;
				CLANG_WARN_CONSTANT_CONVERSION = YES;
				CLANG_WARN_DEPRECATED_OBJC_IMPLEMENTATIONS = YES;
				CLANG_WARN_DIRECT_OBJC_ISA_USAGE = YES_ERROR;
				CLANG_WARN_DOCUMENTATION_COMMENTS = YES;
				CLANG_WARN_EMPTY_BODY = YES;
				CLANG_WARN_ENUM_CONVERSION = YES;
				CLANG_WARN_INFINITE_RECURSION = YES;
				CLANG_WARN_INT_CONVERSION = YES;
				CLANG_WARN_NON_LITERAL_NULL_CONVERSION = YES;
				CLANG_WARN_OBJC_IMPLICIT_RETAIN_SELF = YES;
				CLANG_WARN_OBJC_LITERAL_CONVERSION = YES;
				CLANG_WARN_OBJC_ROOT_CLASS = YES_ERROR;
				CLANG_WARN_QUOTED_INCLUDE_IN_FRAMEWORK_HEADER = YES;
				CLANG_WARN_RANGE_LOOP_ANALYSIS = YES;
				CLANG_WARN_STRICT_PROTOTYPES = YES;
				CLANG_WARN_SUSPICIOUS_MOVE = YES;
				CLANG_WARN_UNGUARDED_AVAILABILITY = YES_AGGRESSIVE;
				CLANG_WARN_UNREACHABLE_CODE = YES;
				CLANG_WARN__DUPLICATE_METHOD_MATCH = YES;
				COPY_PHASE_STRIP = NO;
				DEBUG_INFORMATION_FORMAT = "dwarf-with-dsym";
				ENABLE_NS_ASSERTIONS = NO;
				ENABLE_STRICT_OBJC_MSGSEND = YES;
				GCC_C_LANGUAGE_STANDARD = gnu11;
				GCC_NO_COMMON_BLOCKS = YES;
				GCC_WARN_64_TO_32_BIT_CONVERSION = YES;
				GCC_WARN_ABOUT_RETURN_TYPE = YES_ERROR;
				GCC_WARN_UNDECLARED_SELECTOR = YES;
				GCC_WARN_UNINITIALIZED_AUTOS = YES_AGGRESSIVE;
				GCC_WARN_UNUSED_FUNCTION = YES;
				GCC_WARN_UNUSED_VARIABLE = YES;
				IPHONEOS_DEPLOYMENT_TARGET = 14.4;
				MTL_ENABLE_DEBUG_INFO = NO;
				MTL_FAST_MATH = YES;
				SDKROOT = iphoneos;
				SWIFT_COMPILATION_MODE = wholemodule;
				SWIFT_OPTIMIZATION_LEVEL = "-O";
				VALIDATE_PRODUCT = YES;
			};
			name = Release;
		};
		7162454725FF3298001B2423 /* Debug */ = {
			isa = XCBuildConfiguration;
			buildSettings = {
				ASSETCATALOG_COMPILER_APPICON_NAME = AppIcon;
				ASSETCATALOG_COMPILER_GLOBAL_ACCENT_COLOR_NAME = AccentColor;
				CODE_SIGN_STYLE = Automatic;
				DEVELOPMENT_ASSET_PATHS = "\"MyMap/Preview Content\"";
				DEVELOPMENT_TEAM = PTUKDUTHP4;
				ENABLE_PREVIEWS = YES;
				INFOPLIST_FILE = MyMap/Info.plist;
				IPHONEOS_DEPLOYMENT_TARGET = 14.0;
				LD_RUNPATH_SEARCH_PATHS = (
					"$(inherited)",
					"@executable_path/Frameworks",
				);
				PRODUCT_BUNDLE_IDENTIFIER = "daito-yamashita.MyMap";
				PRODUCT_NAME = "$(TARGET_NAME)";
				SWIFT_VERSION = 5.0;
				TARGETED_DEVICE_FAMILY = "1,2";
			};
			name = Debug;
		};
		7162454825FF3298001B2423 /* Release */ = {
			isa = XCBuildConfiguration;
			buildSettings = {
				ASSETCATALOG_COMPILER_APPICON_NAME = AppIcon;
				ASSETCATALOG_COMPILER_GLOBAL_ACCENT_COLOR_NAME = AccentColor;
				CODE_SIGN_STYLE = Automatic;
				DEVELOPMENT_ASSET_PATHS = "\"MyMap/Preview Content\"";
				DEVELOPMENT_TEAM = PTUKDUTHP4;
				ENABLE_PREVIEWS = YES;
				INFOPLIST_FILE = MyMap/Info.plist;
				IPHONEOS_DEPLOYMENT_TARGET = 14.0;
				LD_RUNPATH_SEARCH_PATHS = (
					"$(inherited)",
					"@executable_path/Frameworks",
				);
				PRODUCT_BUNDLE_IDENTIFIER = "daito-yamashita.MyMap";
				PRODUCT_NAME = "$(TARGET_NAME)";
				SWIFT_VERSION = 5.0;
				TARGETED_DEVICE_FAMILY = "1,2";
			};
			name = Release;
		};
		7162454A25FF3298001B2423 /* Debug */ = {
			isa = XCBuildConfiguration;
			buildSettings = {
				ALWAYS_EMBED_SWIFT_STANDARD_LIBRARIES = YES;
				BUNDLE_LOADER = "$(TEST_HOST)";
				CODE_SIGN_STYLE = Automatic;
				DEVELOPMENT_TEAM = PTUKDUTHP4;
				INFOPLIST_FILE = MyMapTests/Info.plist;
				IPHONEOS_DEPLOYMENT_TARGET = 14.0;
				LD_RUNPATH_SEARCH_PATHS = (
					"$(inherited)",
					"@executable_path/Frameworks",
					"@loader_path/Frameworks",
				);
				PRODUCT_BUNDLE_IDENTIFIER = "daito-yamashita.MyMapTests";
				PRODUCT_NAME = "$(TARGET_NAME)";
				SWIFT_VERSION = 5.0;
				TARGETED_DEVICE_FAMILY = "1,2";
				TEST_HOST = "$(BUILT_PRODUCTS_DIR)/MyMap.app/MyMap";
			};
			name = Debug;
		};
		7162454B25FF3298001B2423 /* Release */ = {
			isa = XCBuildConfiguration;
			buildSettings = {
				ALWAYS_EMBED_SWIFT_STANDARD_LIBRARIES = YES;
				BUNDLE_LOADER = "$(TEST_HOST)";
				CODE_SIGN_STYLE = Automatic;
				DEVELOPMENT_TEAM = PTUKDUTHP4;
				INFOPLIST_FILE = MyMapTests/Info.plist;
				IPHONEOS_DEPLOYMENT_TARGET = 14.0;
				LD_RUNPATH_SEARCH_PATHS = (
					"$(inherited)",
					"@executable_path/Frameworks",
					"@loader_path/Frameworks",
				);
				PRODUCT_BUNDLE_IDENTIFIER = "daito-yamashita.MyMapTests";
				PRODUCT_NAME = "$(TARGET_NAME)";
				SWIFT_VERSION = 5.0;
				TARGETED_DEVICE_FAMILY = "1,2";
				TEST_HOST = "$(BUILT_PRODUCTS_DIR)/MyMap.app/MyMap";
			};
			name = Release;
		};
		7162454D25FF3298001B2423 /* Debug */ = {
			isa = XCBuildConfiguration;
			buildSettings = {
				ALWAYS_EMBED_SWIFT_STANDARD_LIBRARIES = YES;
				CODE_SIGN_STYLE = Automatic;
				DEVELOPMENT_TEAM = PTUKDUTHP4;
				INFOPLIST_FILE = MyMapUITests/Info.plist;
				LD_RUNPATH_SEARCH_PATHS = (
					"$(inherited)",
					"@executable_path/Frameworks",
					"@loader_path/Frameworks",
				);
				PRODUCT_BUNDLE_IDENTIFIER = "daito-yamashita.MyMapUITests";
				PRODUCT_NAME = "$(TARGET_NAME)";
				SWIFT_VERSION = 5.0;
				TARGETED_DEVICE_FAMILY = "1,2";
				TEST_TARGET_NAME = MyMap;
			};
			name = Debug;
		};
		7162454E25FF3298001B2423 /* Release */ = {
			isa = XCBuildConfiguration;
			buildSettings = {
				ALWAYS_EMBED_SWIFT_STANDARD_LIBRARIES = YES;
				CODE_SIGN_STYLE = Automatic;
				DEVELOPMENT_TEAM = PTUKDUTHP4;
				INFOPLIST_FILE = MyMapUITests/Info.plist;
				LD_RUNPATH_SEARCH_PATHS = (
					"$(inherited)",
					"@executable_path/Frameworks",
					"@loader_path/Frameworks",
				);
				PRODUCT_BUNDLE_IDENTIFIER = "daito-yamashita.MyMapUITests";
				PRODUCT_NAME = "$(TARGET_NAME)";
				SWIFT_VERSION = 5.0;
				TARGETED_DEVICE_FAMILY = "1,2";
				TEST_TARGET_NAME = MyMap;
			};
			name = Release;
		};
/* End XCBuildConfiguration section */

/* Begin XCConfigurationList section */
		7162451C25FF3296001B2423 /* Build configuration list for PBXProject "MyMap" */ = {
			isa = XCConfigurationList;
			buildConfigurations = (
				7162454425FF3298001B2423 /* Debug */,
				7162454525FF3298001B2423 /* Release */,
			);
			defaultConfigurationIsVisible = 0;
			defaultConfigurationName = Release;
		};
		7162454625FF3298001B2423 /* Build configuration list for PBXNativeTarget "MyMap" */ = {
			isa = XCConfigurationList;
			buildConfigurations = (
				7162454725FF3298001B2423 /* Debug */,
				7162454825FF3298001B2423 /* Release */,
			);
			defaultConfigurationIsVisible = 0;
			defaultConfigurationName = Release;
		};
		7162454925FF3298001B2423 /* Build configuration list for PBXNativeTarget "MyMapTests" */ = {
			isa = XCConfigurationList;
			buildConfigurations = (
				7162454A25FF3298001B2423 /* Debug */,
				7162454B25FF3298001B2423 /* Release */,
			);
			defaultConfigurationIsVisible = 0;
			defaultConfigurationName = Release;
		};
		7162454C25FF3298001B2423 /* Build configuration list for PBXNativeTarget "MyMapUITests" */ = {
			isa = XCConfigurationList;
			buildConfigurations = (
				7162454D25FF3298001B2423 /* Debug */,
				7162454E25FF3298001B2423 /* Release */,
			);
			defaultConfigurationIsVisible = 0;
			defaultConfigurationName = Release;
		};
/* End XCConfigurationList section */
	};
	rootObject = 7162451925FF3296001B2423 /* Project object */;
}
